
Microsoft Visual Studio Solution File, Format Version 12.00
# Visual Studio Version 16
VisualStudioVersion = 16.0.30128.74
MinimumVisualStudioVersion = 10.0.40219.1
Project("{FAE04EC0-301F-11D3-BF4B-00C04F79EFBC}") = "Front End Team Project Website", "Front End Team Project Website\Front End Team Project Website.csproj", "{BE52A0C2-F998-4070-931D-35CC09F279C4}"
EndProject
Global
	GlobalSection(SolutionConfigurationPlatforms) = preSolution
		Debug|Any CPU = Debug|Any CPU
		Release|Any CPU = Release|Any CPU
	EndGlobalSection
	GlobalSection(ProjectConfigurationPlatforms) = postSolution
		{BE52A0C2-F998-4070-931D-35CC09F279C4}.Debug|Any CPU.ActiveCfg = Debug|Any CPU
		{BE52A0C2-F998-4070-931D-35CC09F279C4}.Debug|Any CPU.Build.0 = Debug|Any CPU
		{BE52A0C2-F998-4070-931D-35CC09F279C4}.Release|Any CPU.ActiveCfg = Release|Any CPU
		{BE52A0C2-F998-4070-931D-35CC09F279C4}.Release|Any CPU.Build.0 = Release|Any CPU
	EndGlobalSection
	GlobalSection(SolutionProperties) = preSolution
		HideSolutionNode = FALSE
	EndGlobalSection
	GlobalSection(ExtensibilityGlobals) = postSolution
		SolutionGuid = {C34B0366-AD7A-437B-BB7A-E31FEC829A56}
	EndGlobalSection
EndGlobal
